
Microsoft Visual Studio Solution File, Format Version 12.00
# Visual Studio Version 17
VisualStudioVersion = 17.7.34018.315
MinimumVisualStudioVersion = 10.0.40219.1
Project("{FAE04EC0-301F-11D3-BF4B-00C04F79EFBC}") = "SmilyAccountant", "SmilyAccountant.csproj", "{215F1D7C-A29E-4E25-870D-C973BB6ADBE9}"
EndProject
Global
	GlobalSection(SolutionConfigurationPlatforms) = preSolution
		Debug|Any CPU = Debug|Any CPU
		Release|Any CPU = Release|Any CPU
	EndGlobalSection
	GlobalSection(ProjectConfigurationPlatforms) = postSolution
		{215F1D7C-A29E-4E25-870D-C973BB6ADBE9}.Debug|Any CPU.ActiveCfg = Debug|Any CPU
		{215F1D7C-A29E-4E25-870D-C973BB6ADBE9}.Debug|Any CPU.Build.0 = Debug|Any CPU
		{215F1D7C-A29E-4E25-870D-C973BB6ADBE9}.Release|Any CPU.ActiveCfg = Release|Any CPU
		{215F1D7C-A29E-4E25-870D-C973BB6ADBE9}.Release|Any CPU.Build.0 = Release|Any CPU
	EndGlobalSection
	GlobalSection(SolutionProperties) = preSolution
		HideSolutionNode = FALSE
	EndGlobalSection
	GlobalSection(ExtensibilityGlobals) = postSolution
		SolutionGuid = {BEDCDBA0-5B8B-4F1E-A16C-31851FA0B673}
	EndGlobalSection
EndGlobal
